
Microsoft Visual Studio Solution File, Format Version 12.00
# Visual Studio Version 17
VisualStudioVersion = 17.4.33205.214
MinimumVisualStudioVersion = 10.0.40219.1
Project("{FAE04EC0-301F-11D3-BF4B-00C04F79EFBC}") = "Relatorio_certificados", "Relatorio Aniversariantes\Relatorio_certificados.csproj", "{56569E2E-E64E-417E-97B3-3430A6018028}"
EndProject
Project("{2150E333-8FDC-42A3-9474-1A3956D46DE8}") = "Itens de Solução", "Itens de Solução", "{05CAB177-6600-4DD7-982F-6FB7D1C886D4}"
	ProjectSection(SolutionItems) = preProject
		Certificados.cs = Certificados.cs
	EndProjectSection
EndProject
Global
	GlobalSection(SolutionConfigurationPlatforms) = preSolution
		Debug|Any CPU = Debug|Any CPU
		Release|Any CPU = Release|Any CPU
	EndGlobalSection
	GlobalSection(ProjectConfigurationPlatforms) = postSolution
		{56569E2E-E64E-417E-97B3-3430A6018028}.Debug|Any CPU.ActiveCfg = Debug|Any CPU
		{56569E2E-E64E-417E-97B3-3430A6018028}.Debug|Any CPU.Build.0 = Debug|Any CPU
		{56569E2E-E64E-417E-97B3-3430A6018028}.Release|Any CPU.ActiveCfg = Release|Any CPU
		{56569E2E-E64E-417E-97B3-3430A6018028}.Release|Any CPU.Build.0 = Release|Any CPU
	EndGlobalSection
	GlobalSection(SolutionProperties) = preSolution
		HideSolutionNode = FALSE
	EndGlobalSection
	GlobalSection(ExtensibilityGlobals) = postSolution
		SolutionGuid = {B16D75C6-4221-444E-9758-A672B3BA4126}
	EndGlobalSection
EndGlobal
